// !$*UTF8*$!
{
	archiveVersion = 1;
	classes = {
	};
	objectVersion = 46;
	objects = {

/* Begin PBXBuildFile section */
		42AA40F11ACF9613003A4EDE /* AppDelegate.swift in Sources */ = {isa = PBXBuildFile; fileRef = 42AA40F01ACF9613003A4EDE /* AppDelegate.swift */; };
		42AA40F31ACF9613003A4EDE /* ViewController.swift in Sources */ = {isa = PBXBuildFile; fileRef = 42AA40F21ACF9613003A4EDE /* ViewController.swift */; };
		42AA40F61ACF9613003A4EDE /* Main.storyboard in Resources */ = {isa = PBXBuildFile; fileRef = 42AA40F41ACF9613003A4EDE /* Main.storyboard */; };
		42AA40F81ACF9613003A4EDE /* Images.xcassets in Resources */ = {isa = PBXBuildFile; fileRef = 42AA40F71ACF9613003A4EDE /* Images.xcassets */; };
		42AA40FB1ACF9613003A4EDE /* LaunchScreen.xib in Resources */ = {isa = PBXBuildFile; fileRef = 42AA40F91ACF9613003A4EDE /* LaunchScreen.xib */; };
		42AA41071ACF9614003A4EDE /* CalculatorTests.swift in Sources */ = {isa = PBXBuildFile; fileRef = 42AA41061ACF9614003A4EDE /* CalculatorTests.swift */; };
/* End PBXBuildFile section */

/* Begin PBXContainerItemProxy section */
		42AA41011ACF9614003A4EDE /* PBXContainerItemProxy */ = {
			isa = PBXContainerItemProxy;
			containerPortal = 42AA40E31ACF9613003A4EDE /* Project object */;
			proxyType = 1;
			remoteGlobalIDString = 42AA40EA1ACF9613003A4EDE;
			remoteInfo = Calculator;
		};
/* End PBXContainerItemProxy section */

/* Begin PBXFileReference section */
		42AA40EB1ACF9613003A4EDE /* Calculator.app */ = {isa = PBXFileReference; explicitFileType = wrapper.application; includeInIndex = 0; path = Calculator.app; sourceTree = BUILT_PRODUCTS_DIR; };
		42AA40EF1ACF9613003A4EDE /* Info.plist */ = {isa = PBXFileReference; lastKnownFileType = text.plist.xml; path = Info.plist; sourceTree = "<group>"; };
		42AA40F01ACF9613003A4EDE /* AppDelegate.swift */ = {isa = PBXFileReference; lastKnownFileType = sourcecode.swift; path = AppDelegate.swift; sourceTree = "<group>"; };
		42AA40F21ACF9613003A4EDE /* ViewController.swift */ = {isa = PBXFileReference; lastKnownFileType = sourcecode.swift; path = ViewController.swift; sourceTree = "<group>"; };
		42AA40F51ACF9613003A4EDE /* Base */ = {isa = PBXFileReference; lastKnownFileType = file.storyboard; name = Base; path = Base.lproj/Main.storyboard; sourceTree = "<group>"; };
		42AA40F71ACF9613003A4EDE /* Images.xcassets */ = {isa = PBXFileReference; lastKnownFileType = folder.assetcatalog; path = Images.xcassets; sourceTree = "<group>"; };
		42AA40FA1ACF9613003A4EDE /* Base */ = {isa = PBXFileReference; lastKnownFileType = file.xib; name = Base; path = Base.lproj/LaunchScreen.xib; sourceTree = "<group>"; };
		42AA41001ACF9614003A4EDE /* CalculatorTests.xctest */ = {isa = PBXFileReference; explicitFileType = wrapper.cfbundle; includeInIndex = 0; path = CalculatorTests.xctest; sourceTree = BUILT_PRODUCTS_DIR; };
		42AA41051ACF9614003A4EDE /* Info.plist */ = {isa = PBXFileReference; lastKnownFileType = text.plist.xml; path = Info.plist; sourceTree = "<group>"; };
		42AA41061ACF9614003A4EDE /* CalculatorTests.swift */ = {isa = PBXFileReference; lastKnownFileType = sourcecode.swift; path = CalculatorTests.swift; sourceTree = "<group>"; };
/* End PBXFileReference section */

/* Begin PBXFrameworksBuildPhase section */
		42AA40E81ACF9613003A4EDE /* Frameworks */ = {
			isa = PBXFrameworksBuildPhase;
			buildActionMask = 2147483647;
			files = (
			);
			runOnlyForDeploymentPostprocessing = 0;
		};
		42AA40FD1ACF9614003A4EDE /* Frameworks */ = {
			isa = PBXFrameworksBuildPhase;
			buildActionMask = 2147483647;
			files = (
			);
			runOnlyForDeploymentPostprocessing = 0;
		};
/* End PBXFrameworksBuildPhase section */

/* Begin PBXGroup section */
		42AA40E21ACF9613003A4EDE = {
			isa = PBXGroup;
			children = (
				42AA40ED1ACF9613003A4EDE /* Calculator */,
				42AA41031ACF9614003A4EDE /* CalculatorTests */,
				42AA40EC1ACF9613003A4EDE /* Products */,
			);
			sourceTree = "<group>";
		};
		42AA40EC1ACF9613003A4EDE /* Products */ = {
			isa = PBXGroup;
			children = (
				42AA40EB1ACF9613003A4EDE /* Calculator.app */,
				42AA41001ACF9614003A4EDE /* CalculatorTests.xctest */,
			);
			name = Products;
			sourceTree = "<group>";
		};
		42AA40ED1ACF9613003A4EDE /* Calculator */ = {
			isa = PBXGroup;
			children = (
				42AA40F21ACF9613003A4EDE /* ViewController.swift */,
				42AA40F41ACF9613003A4EDE /* Main.storyboard */,
				42AA40EE1ACF9613003A4EDE /* Supporting Files */,
			);
			path = Calculator;
			sourceTree = "<group>";
		};
		42AA40EE1ACF9613003A4EDE /* Supporting Files */ = {
			isa = PBXGroup;
			children = (
				42AA40F91ACF9613003A4EDE /* LaunchScreen.xib */,
				42AA40F71ACF9613003A4EDE /* Images.xcassets */,
				42AA40F01ACF9613003A4EDE /* AppDelegate.swift */,
				42AA40EF1ACF9613003A4EDE /* Info.plist */,
			);
			name = "Supporting Files";
			sourceTree = "<group>";
		};
		42AA41031ACF9614003A4EDE /* CalculatorTests */ = {
			isa = PBXGroup;
			children = (
				42AA41061ACF9614003A4EDE /* CalculatorTests.swift */,
				42AA41041ACF9614003A4EDE /* Supporting Files */,
			);
			path = CalculatorTests;
			sourceTree = "<group>";
		};
		42AA41041ACF9614003A4EDE /* Supporting Files */ = {
			isa = PBXGroup;
			children = (
				42AA41051ACF9614003A4EDE /* Info.plist */,
			);
			name = "Supporting Files";
			sourceTree = "<group>";
		};
/* End PBXGroup section */

/* Begin PBXNativeTarget section */
		42AA40EA1ACF9613003A4EDE /* Calculator */ = {
			isa = PBXNativeTarget;
			buildConfigurationList = 42AA410A1ACF9614003A4EDE /* Build configuration list for PBXNativeTarget "Calculator" */;
			buildPhases = (
				42AA40E71ACF9613003A4EDE /* Sources */,
				42AA40E81ACF9613003A4EDE /* Frameworks */,
				42AA40E91ACF9613003A4EDE /* Resources */,
			);
			buildRules = (
			);
			dependencies = (
			);
			name = Calculator;
			productName = Calculator;
			productReference = 42AA40EB1ACF9613003A4EDE /* Calculator.app */;
			productType = "com.apple.product-type.application";
		};
		42AA40FF1ACF9614003A4EDE /* CalculatorTests */ = {
			isa = PBXNativeTarget;
			buildConfigurationList = 42AA410D1ACF9614003A4EDE /* Build configuration list for PBXNativeTarget "CalculatorTests" */;
			buildPhases = (
				42AA40FC1ACF9614003A4EDE /* Sources */,
				42AA40FD1ACF9614003A4EDE /* Frameworks */,
				42AA40FE1ACF9614003A4EDE /* Resources */,
			);
			buildRules = (
			);
			dependencies = (
				42AA41021ACF9614003A4EDE /* PBXTargetDependency */,
			);
			name = CalculatorTests;
			productName = CalculatorTests;
			productReference = 42AA41001ACF9614003A4EDE /* CalculatorTests.xctest */;
			productType = "com.apple.product-type.bundle.unit-test";
		};
/* End PBXNativeTarget section */

/* Begin PBXProject section */
		42AA40E31ACF9613003A4EDE /* Project object */ = {
			isa = PBXProject;
			attributes = {
				LastUpgradeCheck = 0620;
				ORGANIZATIONNAME = JeffreyJurgajtis;
				TargetAttributes = {
					42AA40EA1ACF9613003A4EDE = {
						CreatedOnToolsVersion = 6.2;
					};
					42AA40FF1ACF9614003A4EDE = {
						CreatedOnToolsVersion = 6.2;
						TestTargetID = 42AA40EA1ACF9613003A4EDE;
					};
				};
			};
			buildConfigurationList = 42AA40E61ACF9613003A4EDE /* Build configuration list for PBXProject "Calculator" */;
			compatibilityVersion = "Xcode 3.2";
			developmentRegion = English;
			hasScannedForEncodings = 0;
			knownRegions = (
				en,
				Base,
			);
			mainGroup = 42AA40E21ACF9613003A4EDE;
			productRefGroup = 42AA40EC1ACF9613003A4EDE /* Products */;
			projectDirPath = "";
			projectRoot = "";
			targets = (
				42AA40EA1ACF9613003A4EDE /* Calculator */,
				42AA40FF1ACF9614003A4EDE /* CalculatorTests */,
			);
		};
/* End PBXProject section */

/* Begin PBXResourcesBuildPhase section */
		42AA40E91ACF9613003A4EDE /* Resources */ = {
			isa = PBXResourcesBuildPhase;
			buildActionMask = 2147483647;
			files = (
				42AA40F61ACF9613003A4EDE /* Main.storyboard in Resources */,
				42AA40FB1ACF9613003A4EDE /* LaunchScreen.xib in Resources */,
				42AA40F81ACF9613003A4EDE /* Images.xcassets in Resources */,
			);
			runOnlyForDeploymentPostprocessing = 0;
		};
		42AA40FE1ACF9614003A4EDE /* Resources */ = {
			isa = PBXResourcesBuildPhase;
			buildActionMask = 2147483647;
			files = (
			);
			runOnlyForDeploymentPostprocessing = 0;
		};
/* End PBXResourcesBuildPhase section */

/* Begin PBXSourcesBuildPhase section */
		42AA40E71ACF9613003A4EDE /* Sources */ = {
			isa = PBXSourcesBuildPhase;
			buildActionMask = 2147483647;
			files = (
				42AA40F31ACF9613003A4EDE /* ViewController.swift in Sources */,
				42AA40F11ACF9613003A4EDE /* AppDelegate.swift in Sources */,
			);
			runOnlyForDeploymentPostprocessing = 0;
		};
		42AA40FC1ACF9614003A4EDE /* Sources */ = {
			isa = PBXSourcesBuildPhase;
			buildActionMask = 2147483647;
			files = (
				42AA41071ACF9614003A4EDE /* CalculatorTests.swift in Sources */,
			);
			runOnlyForDeploymentPostprocessing = 0;
		};
/* End PBXSourcesBuildPhase section */

/* Begin PBXTargetDependency section */
		42AA41021ACF9614003A4EDE /* PBXTargetDependency */ = {
			isa = PBXTargetDependency;
			target = 42AA40EA1ACF9613003A4EDE /* Calculator */;
			targetProxy = 42AA41011ACF9614003A4EDE /* PBXContainerItemProxy */;
		};
/* End PBXTargetDependency section */

/* Begin PBXVariantGroup section */
		42AA40F41ACF9613003A4EDE /* Main.storyboard */ = {
			isa = PBXVariantGroup;
			children = (
				42AA40F51ACF9613003A4EDE /* Base */,
			);
			name = Main.storyboard;
			sourceTree = "<group>";
		};
		42AA40F91ACF9613003A4EDE /* LaunchScreen.xib */ = {
			isa = PBXVariantGroup;
			children = (
				42AA40FA1ACF9613003A4EDE /* Base */,
			);
			name = LaunchScreen.xib;
			sourceTree = "<group>";
		};
/* End PBXVariantGroup section */

/* Begin XCBuildConfiguration section */
		42AA41081ACF9614003A4EDE /* Debug */ = {
			isa = XCBuildConfiguration;
			buildSettings = {
				ALWAYS_SEARCH_USER_PATHS = NO;
				CLANG_CXX_LANGUAGE_STANDARD = "gnu++0x";
				CLANG_CXX_LIBRARY = "libc++";
				CLANG_ENABLE_MODULES = YES;
				CLANG_ENABLE_OBJC_ARC = YES;
				CLANG_WARN_BOOL_CONVERSION = YES;
				CLANG_WARN_CONSTANT_CONVERSION = YES;
				CLANG_WARN_DIRECT_OBJC_ISA_USAGE = YES_ERROR;
				CLANG_WARN_EMPTY_BODY = YES;
				CLANG_WARN_ENUM_CONVERSION = YES;
				CLANG_WARN_INT_CONVERSION = YES;
				CLANG_WARN_OBJC_ROOT_CLASS = YES_ERROR;
				CLANG_WARN_UNREACHABLE_CODE = YES;
				CLANG_WARN__DUPLICATE_METHOD_MATCH = YES;
				"CODE_SIGN_IDENTITY[sdk=iphoneos*]" = "iPhone Developer";
				COPY_PHASE_STRIP = NO;
				ENABLE_STRICT_OBJC_MSGSEND = YES;
				GCC_C_LANGUAGE_STANDARD = gnu99;
				GCC_DYNAMIC_NO_PIC = NO;
				GCC_OPTIMIZATION_LEVEL = 0;
				GCC_PREPROCESSOR_DEFINITIONS = (
					"DEBUG=1",
					"$(inherited)",
				);
				GCC_SYMBOLS_PRIVATE_EXTERN = NO;
				GCC_WARN_64_TO_32_BIT_CONVERSION = YES;
				GCC_WARN_ABOUT_RETURN_TYPE = YES_ERROR;
				GCC_WARN_UNDECLARED_SELECTOR = YES;
				GCC_WARN_UNINITIALIZED_AUTOS = YES_AGGRESSIVE;
				GCC_WARN_UNUSED_FUNCTION = YES;
				GCC_WARN_UNUSED_VARIABLE = YES;
				IPHONEOS_DEPLOYMENT_TARGET = 8.2;
				MTL_ENABLE_DEBUG_INFO = YES;
				ONLY_ACTIVE_ARCH = YES;
				SDKROOT = iphoneos;
				SWIFT_OPTIMIZATION_LEVEL = "-Onone";
				TARGETED_DEVICE_FAMILY = "1,2";
			};
			name = Debug;
		};
		42AA41091ACF9614003A4EDE /* Release */ = {
			isa = XCBuildConfiguration;
			buildSettings = {
				ALWAYS_SEARCH_USER_PATHS = NO;
				CLANG_CXX_LANGUAGE_STANDARD = "gnu++0x";
				CLANG_CXX_LIBRARY = "libc++";
				CLANG_ENABLE_MODULES = YES;
				CLANG_ENABLE_OBJC_ARC = YES;
				CLANG_WARN_BOOL_CONVERSION = YES;
				CLANG_WARN_CONSTANT_CONVERSION = YES;
				CLANG_WARN_DIRECT_OBJC_ISA_USAGE = YES_ERROR;
				CLANG_WARN_EMPTY_BODY = YES;
				CLANG_WARN_ENUM_CONVERSION = YES;
				CLANG_WARN_INT_CONVERSION = YES;
				CLANG_WARN_OBJC_ROOT_CLASS = YES_ERROR;
				CLANG_WARN_UNREACHABLE_CODE = YES;
				CLANG_WARN__DUPLICATE_METHOD_MATCH = YES;
				"CODE_SIGN_IDENTITY[sdk=iphoneos*]" = "iPhone Developer";
				COPY_PHASE_STRIP = NO;
				ENABLE_NS_ASSERTIONS = NO;
				ENABLE_STRICT_OBJC_MSGSEND = YES;
				GCC_C_LANGUAGE_STANDARD = gnu99;
				GCC_WARN_64_TO_32_BIT_CONVERSION = YES;
				GCC_WARN_ABOUT_RETURN_TYPE = YES_ERROR;
				GCC_WARN_UNDECLARED_SELECTOR = YES;
				GCC_WARN_UNINITIALIZED_AUTOS = YES_AGGRESSIVE;
				GCC_WARN_UNUSED_FUNCTION = YES;
				GCC_WARN_UNUSED_VARIABLE = YES;
				IPHONEOS_DEPLOYMENT_TARGET = 8.2;
				MTL_ENABLE_DEBUG_INFO = NO;
				SDKROOT = iphoneos;
				TARGETED_DEVICE_FAMILY = "1,2";
				VALIDATE_PRODUCT = YES;
			};
			name = Release;
		};
		42AA410B1ACF9614003A4EDE /* Debug */ = {
			isa = XCBuildConfiguration;
			buildSettings = {
				ASSETCATALOG_COMPILER_APPICON_NAME = AppIcon;
				INFOPLIST_FILE = Calculator/Info.plist;
				LD_RUNPATH_SEARCH_PATHS = "$(inherited) @executable_path/Frameworks";
				PRODUCT_NAME = "$(TARGET_NAME)";
			};
			name = Debug;
		};
		42AA410C1ACF9614003A4EDE /* Release */ = {
			isa = XCBuildConfiguration;
			buildSettings = {
				ASSETCATALOG_COMPILER_APPICON_NAME = AppIcon;
				INFOPLIST_FILE = Calculator/Info.plist;
				LD_RUNPATH_SEARCH_PATHS = "$(inherited) @executable_path/Frameworks";
				PRODUCT_NAME = "$(TARGET_NAME)";
			};
			name = Release;
		};
		42AA410E1ACF9614003A4EDE /* Debug */ = {
			isa = XCBuildConfiguration;
			buildSettings = {
				BUNDLE_LOADER = "$(TEST_HOST)";
				FRAMEWORK_SEARCH_PATHS = (
					"$(SDKROOT)/Developer/Library/Frameworks",
					"$(inherited)",
				);
				GCC_PREPROCESSOR_DEFINITIONS = (
					"DEBUG=1",
					"$(inherited)",
				);
				INFOPLIST_FILE = CalculatorTests/Info.plist;
				LD_RUNPATH_SEARCH_PATHS = "$(inherited) @executable_path/Frameworks @loader_path/Frameworks";
				PRODUCT_NAME = "$(TARGET_NAME)";
				TEST_HOST = "$(BUILT_PRODUCTS_DIR)/Calculator.app/Calculator";
			};
			name = Debug;
		};
		42AA410F1ACF9614003A4EDE /* Release */ = {
			isa = XCBuildConfiguration;
			buildSettings = {
				BUNDLE_LOADER = "$(TEST_HOST)";
				FRAMEWORK_SEARCH_PATHS = (
					"$(SDKROOT)/Developer/Library/Frameworks",
					"$(inherited)",
				);
				INFOPLIST_FILE = CalculatorTests/Info.plist;
				LD_RUNPATH_SEARCH_PATHS = "$(inherited) @executable_path/Frameworks @loader_path/Frameworks";
				PRODUCT_NAME = "$(TARGET_NAME)";
				TEST_HOST = "$(BUILT_PRODUCTS_DIR)/Calculator.app/Calculator";
			};
			name = Release;
		};
/* End XCBuildConfiguration section */

/* Begin XCConfigurationList section */
		42AA40E61ACF9613003A4EDE /* Build configuration list for PBXProject "Calculator" */ = {
			isa = XCConfigurationList;
			buildConfigurations = (
				42AA41081ACF9614003A4EDE /* Debug */,
				42AA41091ACF9614003A4EDE /* Release */,
			);
			defaultConfigurationIsVisible = 0;
			defaultConfigurationName = Release;
		};
		42AA410A1ACF9614003A4EDE /* Build configuration list for PBXNativeTarget "Calculator" */ = {
			isa = XCConfigurationList;
			buildConfigurations = (
				42AA410B1ACF9614003A4EDE /* Debug */,
				42AA410C1ACF9614003A4EDE /* Release */,
			);
			defaultConfigurationIsVisible = 0;
		};
		42AA410D1ACF9614003A4EDE /* Build configuration list for PBXNativeTarget "CalculatorTests" */ = {
			isa = XCConfigurationList;
			buildConfigurations = (
				42AA410E1ACF9614003A4EDE /* Debug */,
				42AA410F1ACF9614003A4EDE /* Release */,
			);
			defaultConfigurationIsVisible = 0;
		};
/* End XCConfigurationList section */
	};
	rootObject = 42AA40E31ACF9613003A4EDE /* Project object */;
}
